// !$*UTF8*$!
{
	archiveVersion = 1;
	classes = {
	};
	objectVersion = 55;
	objects = {

/* Begin PBXBuildFile section */
		47D4E7B4289BC53D00922FDF /* MinaticApp.swift in Sources */ = {isa = PBXBuildFile; fileRef = 47D4E7B3289BC53D00922FDF /* MinaticApp.swift */; };
		47D4E7B6289BC53D00922FDF /* HomeView.swift in Sources */ = {isa = PBXBuildFile; fileRef = 47D4E7B5289BC53D00922FDF /* HomeView.swift */; };
		47D4E7B8289BC53F00922FDF /* Assets.xcassets in Resources */ = {isa = PBXBuildFile; fileRef = 47D4E7B7289BC53F00922FDF /* Assets.xcassets */; };
		47D4E7BB289BC53F00922FDF /* Preview Assets.xcassets in Resources */ = {isa = PBXBuildFile; fileRef = 47D4E7BA289BC53F00922FDF /* Preview Assets.xcassets */; };
		47D4E7C3289BC56900922FDF /* Meeting.swift in Sources */ = {isa = PBXBuildFile; fileRef = 47D4E7C2289BC56900922FDF /* Meeting.swift */; };
		47D4E7C5289BC5C700922FDF /* MeetingStore.swift in Sources */ = {isa = PBXBuildFile; fileRef = 47D4E7C4289BC5C700922FDF /* MeetingStore.swift */; };
		47D4E7CB289BC64200922FDF /* SpeechRecognizer.swift in Sources */ = {isa = PBXBuildFile; fileRef = 47D4E7C7289BC64200922FDF /* SpeechRecognizer.swift */; };
		47D4E7CC289BC64200922FDF /* AVPlayer + Ding.swift in Sources */ = {isa = PBXBuildFile; fileRef = 47D4E7C8289BC64200922FDF /* AVPlayer + Ding.swift */; };
		47D4E7CD289BC64200922FDF /* ErrorWrapper.swift in Sources */ = {isa = PBXBuildFile; fileRef = 47D4E7C9289BC64200922FDF /* ErrorWrapper.swift */; };
		47D4E7CE289BC64200922FDF /* ErrorView.swift in Sources */ = {isa = PBXBuildFile; fileRef = 47D4E7CA289BC64200922FDF /* ErrorView.swift */; };
		47D4E7D1289BC66C00922FDF /* ding.wav in Resources */ = {isa = PBXBuildFile; fileRef = 47D4E7D0289BC66C00922FDF /* ding.wav */; };
		47D4E7D3289BC69800922FDF /* MeetingTimer.swift in Sources */ = {isa = PBXBuildFile; fileRef = 47D4E7D2289BC69800922FDF /* MeetingTimer.swift */; };
		47D4E7D5289BCAA200922FDF /* History.swift in Sources */ = {isa = PBXBuildFile; fileRef = 47D4E7D4289BCAA200922FDF /* History.swift */; };
		47D4E7D7289BCADE00922FDF /* Theme.swift in Sources */ = {isa = PBXBuildFile; fileRef = 47D4E7D6289BCADE00922FDF /* Theme.swift */; };
		47D4E7D9289BCB1E00922FDF /* Question.swift in Sources */ = {isa = PBXBuildFile; fileRef = 47D4E7D8289BCB1E00922FDF /* Question.swift */; };
		47D4E7DB289BCB4300922FDF /* Type.swift in Sources */ = {isa = PBXBuildFile; fileRef = 47D4E7DA289BCB4300922FDF /* Type.swift */; };
		47D4E7DE289BFB6E00922FDF /* DetailView.swift in Sources */ = {isa = PBXBuildFile; fileRef = 47D4E7DD289BFB6E00922FDF /* DetailView.swift */; };
		47D4E7E1289C052A00922FDF /* CardView.swift in Sources */ = {isa = PBXBuildFile; fileRef = 47D4E7E0289C052A00922FDF /* CardView.swift */; };
		47D4E7E4289C059900922FDF /* LabelStyle.swift in Sources */ = {isa = PBXBuildFile; fileRef = 47D4E7E3289C059900922FDF /* LabelStyle.swift */; };
		47D4E7E6289C0D8600922FDF /* HistoryView.swift in Sources */ = {isa = PBXBuildFile; fileRef = 47D4E7E5289C0D8600922FDF /* HistoryView.swift */; };
		47D4E7E9289C0FD400922FDF /* MeetingView.swift in Sources */ = {isa = PBXBuildFile; fileRef = 47D4E7E8289C0FD400922FDF /* MeetingView.swift */; };
		47D4E7F1289C112400922FDF /* MeetingProgressViewStyle.swift in Sources */ = {isa = PBXBuildFile; fileRef = 47D4E7EE289C112400922FDF /* MeetingProgressViewStyle.swift */; };
		47D4E7F2289C112400922FDF /* MeetingHeaderView.swift in Sources */ = {isa = PBXBuildFile; fileRef = 47D4E7EF289C112400922FDF /* MeetingHeaderView.swift */; };
		47D4E7F6289C12DD00922FDF /* MeetingFooterView.swift in Sources */ = {isa = PBXBuildFile; fileRef = 47D4E7F5289C12DD00922FDF /* MeetingFooterView.swift */; };
		47D4E7F8289C139C00922FDF /* SpeakerArc.swift in Sources */ = {isa = PBXBuildFile; fileRef = 47D4E7F7289C139C00922FDF /* SpeakerArc.swift */; };
		47D4E7FC289C140000922FDF /* MeetingTimerView.swift in Sources */ = {isa = PBXBuildFile; fileRef = 47D4E7FB289C140000922FDF /* MeetingTimerView.swift */; };
		47D4E7FE289C17B600922FDF /* MeetingQuestionView.swift in Sources */ = {isa = PBXBuildFile; fileRef = 47D4E7FD289C17B600922FDF /* MeetingQuestionView.swift */; };
		47D4E800289DB63C00922FDF /* DetailEditView.swift in Sources */ = {isa = PBXBuildFile; fileRef = 47D4E7FF289DB63C00922FDF /* DetailEditView.swift */; };
		47D4E802289DB7B000922FDF /* ThemeView.swift in Sources */ = {isa = PBXBuildFile; fileRef = 47D4E801289DB7B000922FDF /* ThemeView.swift */; };
		47D4E804289DB7C800922FDF /* ThemePicker.swift in Sources */ = {isa = PBXBuildFile; fileRef = 47D4E803289DB7C800922FDF /* ThemePicker.swift */; };
		47D4E806289DB9B200922FDF /* QuestionView.swift in Sources */ = {isa = PBXBuildFile; fileRef = 47D4E805289DB9B200922FDF /* QuestionView.swift */; };
/* End PBXBuildFile section */

/* Begin PBXFileReference section */
		47D4E7B0289BC53D00922FDF /* Minatic.app */ = {isa = PBXFileReference; explicitFileType = wrapper.application; includeInIndex = 0; path = Minatic.app; sourceTree = BUILT_PRODUCTS_DIR; };
		47D4E7B3289BC53D00922FDF /* MinaticApp.swift */ = {isa = PBXFileReference; lastKnownFileType = sourcecode.swift; path = MinaticApp.swift; sourceTree = "<group>"; };
		47D4E7B5289BC53D00922FDF /* HomeView.swift */ = {isa = PBXFileReference; lastKnownFileType = sourcecode.swift; path = HomeView.swift; sourceTree = "<group>"; };
		47D4E7B7289BC53F00922FDF /* Assets.xcassets */ = {isa = PBXFileReference; lastKnownFileType = folder.assetcatalog; path = Assets.xcassets; sourceTree = "<group>"; };
		47D4E7BA289BC53F00922FDF /* Preview Assets.xcassets */ = {isa = PBXFileReference; lastKnownFileType = folder.assetcatalog; path = "Preview Assets.xcassets"; sourceTree = "<group>"; };
		47D4E7C2289BC56900922FDF /* Meeting.swift */ = {isa = PBXFileReference; lastKnownFileType = sourcecode.swift; path = Meeting.swift; sourceTree = "<group>"; };
		47D4E7C4289BC5C700922FDF /* MeetingStore.swift */ = {isa = PBXFileReference; lastKnownFileType = sourcecode.swift; path = MeetingStore.swift; sourceTree = "<group>"; };
		47D4E7C7289BC64200922FDF /* SpeechRecognizer.swift */ = {isa = PBXFileReference; fileEncoding = 4; lastKnownFileType = sourcecode.swift; path = SpeechRecognizer.swift; sourceTree = "<group>"; };
		47D4E7C8289BC64200922FDF /* AVPlayer + Ding.swift */ = {isa = PBXFileReference; fileEncoding = 4; lastKnownFileType = sourcecode.swift; path = "AVPlayer + Ding.swift"; sourceTree = "<group>"; };
		47D4E7C9289BC64200922FDF /* ErrorWrapper.swift */ = {isa = PBXFileReference; fileEncoding = 4; lastKnownFileType = sourcecode.swift; path = ErrorWrapper.swift; sourceTree = "<group>"; };
		47D4E7CA289BC64200922FDF /* ErrorView.swift */ = {isa = PBXFileReference; fileEncoding = 4; lastKnownFileType = sourcecode.swift; path = ErrorView.swift; sourceTree = "<group>"; };
		47D4E7D0289BC66C00922FDF /* ding.wav */ = {isa = PBXFileReference; lastKnownFileType = audio.wav; path = ding.wav; sourceTree = "<group>"; };
		47D4E7D2289BC69800922FDF /* MeetingTimer.swift */ = {isa = PBXFileReference; lastKnownFileType = sourcecode.swift; path = MeetingTimer.swift; sourceTree = "<group>"; };
		47D4E7D4289BCAA200922FDF /* History.swift */ = {isa = PBXFileReference; lastKnownFileType = sourcecode.swift; path = History.swift; sourceTree = "<group>"; };
		47D4E7D6289BCADE00922FDF /* Theme.swift */ = {isa = PBXFileReference; lastKnownFileType = sourcecode.swift; path = Theme.swift; sourceTree = "<group>"; };
		47D4E7D8289BCB1E00922FDF /* Question.swift */ = {isa = PBXFileReference; lastKnownFileType = sourcecode.swift; path = Question.swift; sourceTree = "<group>"; };
		47D4E7DA289BCB4300922FDF /* Type.swift */ = {isa = PBXFileReference; lastKnownFileType = sourcecode.swift; path = Type.swift; sourceTree = "<group>"; };
		47D4E7DD289BFB6E00922FDF /* DetailView.swift */ = {isa = PBXFileReference; lastKnownFileType = sourcecode.swift; path = DetailView.swift; sourceTree = "<group>"; };
		47D4E7E0289C052A00922FDF /* CardView.swift */ = {isa = PBXFileReference; lastKnownFileType = sourcecode.swift; path = CardView.swift; sourceTree = "<group>"; };
		47D4E7E3289C059900922FDF /* LabelStyle.swift */ = {isa = PBXFileReference; lastKnownFileType = sourcecode.swift; path = LabelStyle.swift; sourceTree = "<group>"; };
		47D4E7E5289C0D8600922FDF /* HistoryView.swift */ = {isa = PBXFileReference; lastKnownFileType = sourcecode.swift; path = HistoryView.swift; sourceTree = "<group>"; };
		47D4E7E8289C0FD400922FDF /* MeetingView.swift */ = {isa = PBXFileReference; lastKnownFileType = sourcecode.swift; path = MeetingView.swift; sourceTree = "<group>"; };
		47D4E7EE289C112400922FDF /* MeetingProgressViewStyle.swift */ = {isa = PBXFileReference; fileEncoding = 4; lastKnownFileType = sourcecode.swift; path = MeetingProgressViewStyle.swift; sourceTree = "<group>"; };
		47D4E7EF289C112400922FDF /* MeetingHeaderView.swift */ = {isa = PBXFileReference; fileEncoding = 4; lastKnownFileType = sourcecode.swift; path = MeetingHeaderView.swift; sourceTree = "<group>"; };
		47D4E7F5289C12DD00922FDF /* MeetingFooterView.swift */ = {isa = PBXFileReference; fileEncoding = 4; lastKnownFileType = sourcecode.swift; path = MeetingFooterView.swift; sourceTree = "<group>"; };
		47D4E7F7289C139C00922FDF /* SpeakerArc.swift */ = {isa = PBXFileReference; lastKnownFileType = sourcecode.swift; path = SpeakerArc.swift; sourceTree = "<group>"; };
		47D4E7FB289C140000922FDF /* MeetingTimerView.swift */ = {isa = PBXFileReference; lastKnownFileType = sourcecode.swift; path = MeetingTimerView.swift; sourceTree = "<group>"; };
		47D4E7FD289C17B600922FDF /* MeetingQuestionView.swift */ = {isa = PBXFileReference; lastKnownFileType = sourcecode.swift; path = MeetingQuestionView.swift; sourceTree = "<group>"; };
		47D4E7FF289DB63C00922FDF /* DetailEditView.swift */ = {isa = PBXFileReference; lastKnownFileType = sourcecode.swift; path = DetailEditView.swift; sourceTree = "<group>"; };
		47D4E801289DB7B000922FDF /* ThemeView.swift */ = {isa = PBXFileReference; lastKnownFileType = sourcecode.swift; path = ThemeView.swift; sourceTree = "<group>"; };
		47D4E803289DB7C800922FDF /* ThemePicker.swift */ = {isa = PBXFileReference; lastKnownFileType = sourcecode.swift; path = ThemePicker.swift; sourceTree = "<group>"; };
		47D4E805289DB9B200922FDF /* QuestionView.swift */ = {isa = PBXFileReference; lastKnownFileType = sourcecode.swift; path = QuestionView.swift; sourceTree = "<group>"; };
/* End PBXFileReference section */

/* Begin PBXFrameworksBuildPhase section */
		47D4E7AD289BC53D00922FDF /* Frameworks */ = {
			isa = PBXFrameworksBuildPhase;
			buildActionMask = 2147483647;
			files = (
			);
			runOnlyForDeploymentPostprocessing = 0;
		};
/* End PBXFrameworksBuildPhase section */

/* Begin PBXGroup section */
		4718381328A2AD1A002638C2 /* Home Views */ = {
			isa = PBXGroup;
			children = (
				47D4E7B5289BC53D00922FDF /* HomeView.swift */,
				47D4E7E0289C052A00922FDF /* CardView.swift */,
			);
			path = "Home Views";
			sourceTree = "<group>";
		};
		47D4E7A7289BC53D00922FDF = {
			isa = PBXGroup;
			children = (
				47D4E7B2289BC53D00922FDF /* Minatic */,
				47D4E7B1289BC53D00922FDF /* Products */,
			);
			sourceTree = "<group>";
		};
		47D4E7B1289BC53D00922FDF /* Products */ = {
			isa = PBXGroup;
			children = (
				47D4E7B0289BC53D00922FDF /* Minatic.app */,
			);
			name = Products;
			sourceTree = "<group>";
		};
		47D4E7B2289BC53D00922FDF /* Minatic */ = {
			isa = PBXGroup;
			children = (
				47D4E7B3289BC53D00922FDF /* MinaticApp.swift */,
				4718381328A2AD1A002638C2 /* Home Views */,
				47D4E7DF289BFB7A00922FDF /* Meeting Detail */,
				47D4E7E7289C0FB200922FDF /* Meeting Views */,
				47D4E7C1289BC55800922FDF /* Models */,
				47D4E7DC289BD2B300922FDF /* Database */,
				47D4E7C6289BC5F800922FDF /* Utility */,
				47D4E7B7289BC53F00922FDF /* Assets.xcassets */,
				47D4E7CF289BC65B00922FDF /* Resources */,
				47D4E7B9289BC53F00922FDF /* Preview Content */,
			);
			path = Minatic;
			sourceTree = "<group>";
		};
		47D4E7B9289BC53F00922FDF /* Preview Content */ = {
			isa = PBXGroup;
			children = (
				47D4E7BA289BC53F00922FDF /* Preview Assets.xcassets */,
			);
			path = "Preview Content";
			sourceTree = "<group>";
		};
		47D4E7C1289BC55800922FDF /* Models */ = {
			isa = PBXGroup;
			children = (
				47D4E7C2289BC56900922FDF /* Meeting.swift */,
				47D4E7D2289BC69800922FDF /* MeetingTimer.swift */,
				47D4E7D4289BCAA200922FDF /* History.swift */,
				47D4E7D6289BCADE00922FDF /* Theme.swift */,
				47D4E7D8289BCB1E00922FDF /* Question.swift */,
				47D4E7DA289BCB4300922FDF /* Type.swift */,
			);
			path = Models;
			sourceTree = "<group>";
		};
		47D4E7C6289BC5F800922FDF /* Utility */ = {
			isa = PBXGroup;
			children = (
				47D4E7E2289C057B00922FDF /* Views */,
				47D4E7C8289BC64200922FDF /* AVPlayer + Ding.swift */,
				47D4E7C9289BC64200922FDF /* ErrorWrapper.swift */,
				47D4E7C7289BC64200922FDF /* SpeechRecognizer.swift */,
			);
			path = Utility;
			sourceTree = "<group>";
		};
		47D4E7CF289BC65B00922FDF /* Resources */ = {
			isa = PBXGroup;
			children = (
				47D4E7D0289BC66C00922FDF /* ding.wav */,
			);
			path = Resources;
			sourceTree = "<group>";
		};
		47D4E7DC289BD2B300922FDF /* Database */ = {
			isa = PBXGroup;
			children = (
				47D4E7C4289BC5C700922FDF /* MeetingStore.swift */,
			);
			path = Database;
			sourceTree = "<group>";
		};
		47D4E7DF289BFB7A00922FDF /* Meeting Detail */ = {
			isa = PBXGroup;
			children = (
				47D4E7DD289BFB6E00922FDF /* DetailView.swift */,
				47D4E7E5289C0D8600922FDF /* HistoryView.swift */,
				47D4E7FF289DB63C00922FDF /* DetailEditView.swift */,
				47D4E801289DB7B000922FDF /* ThemeView.swift */,
				47D4E803289DB7C800922FDF /* ThemePicker.swift */,
				47D4E805289DB9B200922FDF /* QuestionView.swift */,
			);
			path = "Meeting Detail";
			sourceTree = "<group>";
		};
		47D4E7E2289C057B00922FDF /* Views */ = {
			isa = PBXGroup;
			children = (
				47D4E7CA289BC64200922FDF /* ErrorView.swift */,
				47D4E7E3289C059900922FDF /* LabelStyle.swift */,
			);
			path = Views;
			sourceTree = "<group>";
		};
		47D4E7E7289C0FB200922FDF /* Meeting Views */ = {
			isa = PBXGroup;
			children = (
				47D4E7E8289C0FD400922FDF /* MeetingView.swift */,
				47D4E7EA289C10C400922FDF /* Header */,
				47D4E7EC289C10D600922FDF /* Body */,
				47D4E7EB289C10C900922FDF /* Footer */,
			);
			path = "Meeting Views";
			sourceTree = "<group>";
		};
		47D4E7EA289C10C400922FDF /* Header */ = {
			isa = PBXGroup;
			children = (
				47D4E7EF289C112400922FDF /* MeetingHeaderView.swift */,
				47D4E7EE289C112400922FDF /* MeetingProgressViewStyle.swift */,
			);
			path = Header;
			sourceTree = "<group>";
		};
		47D4E7EB289C10C900922FDF /* Footer */ = {
			isa = PBXGroup;
			children = (
				47D4E7F5289C12DD00922FDF /* MeetingFooterView.swift */,
			);
			path = Footer;
			sourceTree = "<group>";
		};
		47D4E7EC289C10D600922FDF /* Body */ = {
			isa = PBXGroup;
			children = (
				47D4E7F7289C139C00922FDF /* SpeakerArc.swift */,
				47D4E7FB289C140000922FDF /* MeetingTimerView.swift */,
				47D4E7FD289C17B600922FDF /* MeetingQuestionView.swift */,
			);
			path = Body;
			sourceTree = "<group>";
		};
/* End PBXGroup section */

/* Begin PBXNativeTarget section */
		47D4E7AF289BC53D00922FDF /* Minatic */ = {
			isa = PBXNativeTarget;
			buildConfigurationList = 47D4E7BE289BC53F00922FDF /* Build configuration list for PBXNativeTarget "Minatic" */;
			buildPhases = (
				47D4E7AC289BC53D00922FDF /* Sources */,
				47D4E7AD289BC53D00922FDF /* Frameworks */,
				47D4E7AE289BC53D00922FDF /* Resources */,
			);
			buildRules = (
			);
			dependencies = (
			);
			name = Minatic;
			productName = Minatic;
			productReference = 47D4E7B0289BC53D00922FDF /* Minatic.app */;
			productType = "com.apple.product-type.application";
		};
/* End PBXNativeTarget section */

/* Begin PBXProject section */
		47D4E7A8289BC53D00922FDF /* Project object */ = {
			isa = PBXProject;
			attributes = {
				BuildIndependentTargetsInParallel = 1;
				LastSwiftUpdateCheck = 1340;
				LastUpgradeCheck = 1340;
				TargetAttributes = {
					47D4E7AF289BC53D00922FDF = {
						CreatedOnToolsVersion = 13.4.1;
					};
				};
			};
			buildConfigurationList = 47D4E7AB289BC53D00922FDF /* Build configuration list for PBXProject "Minatic" */;
			compatibilityVersion = "Xcode 13.0";
			developmentRegion = en;
			hasScannedForEncodings = 0;
			knownRegions = (
				en,
				Base,
			);
			mainGroup = 47D4E7A7289BC53D00922FDF;
			productRefGroup = 47D4E7B1289BC53D00922FDF /* Products */;
			projectDirPath = "";
			projectRoot = "";
			targets = (
				47D4E7AF289BC53D00922FDF /* Minatic */,
			);
		};
/* End PBXProject section */

/* Begin PBXResourcesBuildPhase section */
		47D4E7AE289BC53D00922FDF /* Resources */ = {
			isa = PBXResourcesBuildPhase;
			buildActionMask = 2147483647;
			files = (
				47D4E7D1289BC66C00922FDF /* ding.wav in Resources */,
				47D4E7BB289BC53F00922FDF /* Preview Assets.xcassets in Resources */,
				47D4E7B8289BC53F00922FDF /* Assets.xcassets in Resources */,
			);
			runOnlyForDeploymentPostprocessing = 0;
		};
/* End PBXResourcesBuildPhase section */

/* Begin PBXSourcesBuildPhase section */
		47D4E7AC289BC53D00922FDF /* Sources */ = {
			isa = PBXSourcesBuildPhase;
			buildActionMask = 2147483647;
			files = (
				47D4E7F2289C112400922FDF /* MeetingHeaderView.swift in Sources */,
				47D4E7CB289BC64200922FDF /* SpeechRecognizer.swift in Sources */,
				47D4E7CD289BC64200922FDF /* ErrorWrapper.swift in Sources */,
				47D4E7B6289BC53D00922FDF /* HomeView.swift in Sources */,
				47D4E7DE289BFB6E00922FDF /* DetailView.swift in Sources */,
				47D4E7E1289C052A00922FDF /* CardView.swift in Sources */,
				47D4E7C3289BC56900922FDF /* Meeting.swift in Sources */,
				47D4E7D7289BCADE00922FDF /* Theme.swift in Sources */,
				47D4E7FE289C17B600922FDF /* MeetingQuestionView.swift in Sources */,
				47D4E7D5289BCAA200922FDF /* History.swift in Sources */,
				47D4E7E9289C0FD400922FDF /* MeetingView.swift in Sources */,
				47D4E7CC289BC64200922FDF /* AVPlayer + Ding.swift in Sources */,
				47D4E804289DB7C800922FDF /* ThemePicker.swift in Sources */,
				47D4E7DB289BCB4300922FDF /* Type.swift in Sources */,
				47D4E7B4289BC53D00922FDF /* MinaticApp.swift in Sources */,
				47D4E7D3289BC69800922FDF /* MeetingTimer.swift in Sources */,
				47D4E7FC289C140000922FDF /* MeetingTimerView.swift in Sources */,
				47D4E802289DB7B000922FDF /* ThemeView.swift in Sources */,
				47D4E7E4289C059900922FDF /* LabelStyle.swift in Sources */,
				47D4E800289DB63C00922FDF /* DetailEditView.swift in Sources */,
				47D4E7D9289BCB1E00922FDF /* Question.swift in Sources */,
				47D4E7C5289BC5C700922FDF /* MeetingStore.swift in Sources */,
				47D4E7F6289C12DD00922FDF /* MeetingFooterView.swift in Sources */,
				47D4E7E6289C0D8600922FDF /* HistoryView.swift in Sources */,
				47D4E806289DB9B200922FDF /* QuestionView.swift in Sources */,
				47D4E7F1289C112400922FDF /* MeetingProgressViewStyle.swift in Sources */,
				47D4E7F8289C139C00922FDF /* SpeakerArc.swift in Sources */,
				47D4E7CE289BC64200922FDF /* ErrorView.swift in Sources */,
			);
			runOnlyForDeploymentPostprocessing = 0;
		};
/* End PBXSourcesBuildPhase section */

/* Begin XCBuildConfiguration section */
		47D4E7BC289BC53F00922FDF /* Debug */ = {
			isa = XCBuildConfiguration;
			buildSettings = {
				ALWAYS_SEARCH_USER_PATHS = NO;
				CLANG_ANALYZER_NONNULL = YES;
				CLANG_ANALYZER_NUMBER_OBJECT_CONVERSION = YES_AGGRESSIVE;
				CLANG_CXX_LANGUAGE_STANDARD = "gnu++17";
				CLANG_ENABLE_MODULES = YES;
				CLANG_ENABLE_OBJC_ARC = YES;
				CLANG_ENABLE_OBJC_WEAK = YES;
				CLANG_WARN_BLOCK_CAPTURE_AUTORELEASING = YES;
				CLANG_WARN_BOOL_CONVERSION = YES;
				CLANG_WARN_COMMA = YES;
				CLANG_WARN_CONSTANT_CONVERSION = YES;
				CLANG_WARN_DEPRECATED_OBJC_IMPLEMENTATIONS = YES;
				CLANG_WARN_DIRECT_OBJC_ISA_USAGE = YES_ERROR;
				CLANG_WARN_DOCUMENTATION_COMMENTS = YES;
				CLANG_WARN_EMPTY_BODY = YES;
				CLANG_WARN_ENUM_CONVERSION = YES;
				CLANG_WARN_INFINITE_RECURSION = YES;
				CLANG_WARN_INT_CONVERSION = YES;
				CLANG_WARN_NON_LITERAL_NULL_CONVERSION = YES;
				CLANG_WARN_OBJC_IMPLICIT_RETAIN_SELF = YES;
				CLANG_WARN_OBJC_LITERAL_CONVERSION = YES;
				CLANG_WARN_OBJC_ROOT_CLASS = YES_ERROR;
				CLANG_WARN_QUOTED_INCLUDE_IN_FRAMEWORK_HEADER = YES;
				CLANG_WARN_RANGE_LOOP_ANALYSIS = YES;
				CLANG_WARN_STRICT_PROTOTYPES = YES;
				CLANG_WARN_SUSPICIOUS_MOVE = YES;
				CLANG_WARN_UNGUARDED_AVAILABILITY = YES_AGGRESSIVE;
				CLANG_WARN_UNREACHABLE_CODE = YES;
				CLANG_WARN__DUPLICATE_METHOD_MATCH = YES;
				COPY_PHASE_STRIP = NO;
				DEBUG_INFORMATION_FORMAT = dwarf;
				ENABLE_STRICT_OBJC_MSGSEND = YES;
				ENABLE_TESTABILITY = YES;
				GCC_C_LANGUAGE_STANDARD = gnu11;
				GCC_DYNAMIC_NO_PIC = NO;
				GCC_NO_COMMON_BLOCKS = YES;
				GCC_OPTIMIZATION_LEVEL = 0;
				GCC_PREPROCESSOR_DEFINITIONS = (
					"DEBUG=1",
					"$(inherited)",
				);
				GCC_WARN_64_TO_32_BIT_CONVERSION = YES;
				GCC_WARN_ABOUT_RETURN_TYPE = YES_ERROR;
				GCC_WARN_UNDECLARED_SELECTOR = YES;
				GCC_WARN_UNINITIALIZED_AUTOS = YES_AGGRESSIVE;
				GCC_WARN_UNUSED_FUNCTION = YES;
				GCC_WARN_UNUSED_VARIABLE = YES;
				IPHONEOS_DEPLOYMENT_TARGET = 15.5;
				MTL_ENABLE_DEBUG_INFO = INCLUDE_SOURCE;
				MTL_FAST_MATH = YES;
				ONLY_ACTIVE_ARCH = YES;
				SDKROOT = iphoneos;
				SWIFT_ACTIVE_COMPILATION_CONDITIONS = DEBUG;
				SWIFT_OPTIMIZATION_LEVEL = "-Onone";
			};
			name = Debug;
		};
		47D4E7BD289BC53F00922FDF /* Release */ = {
			isa = XCBuildConfiguration;
			buildSettings = {
				ALWAYS_SEARCH_USER_PATHS = NO;
				CLANG_ANALYZER_NONNULL = YES;
				CLANG_ANALYZER_NUMBER_OBJECT_CONVERSION = YES_AGGRESSIVE;
				CLANG_CXX_LANGUAGE_STANDARD = "gnu++17";
				CLANG_ENABLE_MODULES = YES;
				CLANG_ENABLE_OBJC_ARC = YES;
				CLANG_ENABLE_OBJC_WEAK = YES;
				CLANG_WARN_BLOCK_CAPTURE_AUTORELEASING = YES;
				CLANG_WARN_BOOL_CONVERSION = YES;
				CLANG_WARN_COMMA = YES;
				CLANG_WARN_CONSTANT_CONVERSION = YES;
				CLANG_WARN_DEPRECATED_OBJC_IMPLEMENTATIONS = YES;
				CLANG_WARN_DIRECT_OBJC_ISA_USAGE = YES_ERROR;
				CLANG_WARN_DOCUMENTATION_COMMENTS = YES;
				CLANG_WARN_EMPTY_BODY = YES;
				CLANG_WARN_ENUM_CONVERSION = YES;
				CLANG_WARN_INFINITE_RECURSION = YES;
				CLANG_WARN_INT_CONVERSION = YES;
				CLANG_WARN_NON_LITERAL_NULL_CONVERSION = YES;
				CLANG_WARN_OBJC_IMPLICIT_RETAIN_SELF = YES;
				CLANG_WARN_OBJC_LITERAL_CONVERSION = YES;
				CLANG_WARN_OBJC_ROOT_CLASS = YES_ERROR;
				CLANG_WARN_QUOTED_INCLUDE_IN_FRAMEWORK_HEADER = YES;
				CLANG_WARN_RANGE_LOOP_ANALYSIS = YES;
				CLANG_WARN_STRICT_PROTOTYPES = YES;
				CLANG_WARN_SUSPICIOUS_MOVE = YES;
				CLANG_WARN_UNGUARDED_AVAILABILITY = YES_AGGRESSIVE;
				CLANG_WARN_UNREACHABLE_CODE = YES;
				CLANG_WARN__DUPLICATE_METHOD_MATCH = YES;
				COPY_PHASE_STRIP = NO;
				DEBUG_INFORMATION_FORMAT = "dwarf-with-dsym";
				ENABLE_NS_ASSERTIONS = NO;
				ENABLE_STRICT_OBJC_MSGSEND = YES;
				GCC_C_LANGUAGE_STANDARD = gnu11;
				GCC_NO_COMMON_BLOCKS = YES;
				GCC_WARN_64_TO_32_BIT_CONVERSION = YES;
				GCC_WARN_ABOUT_RETURN_TYPE = YES_ERROR;
				GCC_WARN_UNDECLARED_SELECTOR = YES;
				GCC_WARN_UNINITIALIZED_AUTOS = YES_AGGRESSIVE;
				GCC_WARN_UNUSED_FUNCTION = YES;
				GCC_WARN_UNUSED_VARIABLE = YES;
				IPHONEOS_DEPLOYMENT_TARGET = 15.5;
				MTL_ENABLE_DEBUG_INFO = NO;
				MTL_FAST_MATH = YES;
				SDKROOT = iphoneos;
				SWIFT_COMPILATION_MODE = wholemodule;
				SWIFT_OPTIMIZATION_LEVEL = "-O";
				VALIDATE_PRODUCT = YES;
			};
			name = Release;
		};
		47D4E7BF289BC53F00922FDF /* Debug */ = {
			isa = XCBuildConfiguration;
			buildSettings = {
				ASSETCATALOG_COMPILER_APPICON_NAME = AppIcon;
				ASSETCATALOG_COMPILER_GLOBAL_ACCENT_COLOR_NAME = AccentColor;
				CODE_SIGN_STYLE = Automatic;
				CURRENT_PROJECT_VERSION = 1;
				DEVELOPMENT_ASSET_PATHS = "\"Minatic/Preview Content\"";
				DEVELOPMENT_TEAM = MZ483TW92Y;
				ENABLE_PREVIEWS = YES;
				GENERATE_INFOPLIST_FILE = YES;
				INFOPLIST_KEY_NSMicrophoneUsageDescription = "Audio is recorded to transcribe the meeting. Audio recordings are discarded after transcription.";
				INFOPLIST_KEY_NSSpeechRecognitionUsageDescription = "You can view a text transcription of your meeting in the app.";
				INFOPLIST_KEY_UIApplicationSceneManifest_Generation = YES;
				INFOPLIST_KEY_UIApplicationSupportsIndirectInputEvents = YES;
				INFOPLIST_KEY_UILaunchScreen_Generation = YES;
				INFOPLIST_KEY_UISupportedInterfaceOrientations_iPad = "UIInterfaceOrientationPortrait UIInterfaceOrientationPortraitUpsideDown UIInterfaceOrientationLandscapeLeft UIInterfaceOrientationLandscapeRight";
				INFOPLIST_KEY_UISupportedInterfaceOrientations_iPhone = "UIInterfaceOrientationPortrait UIInterfaceOrientationLandscapeLeft UIInterfaceOrientationLandscapeRight";
				IPHONEOS_DEPLOYMENT_TARGET = 15.2;
				LD_RUNPATH_SEARCH_PATHS = (
					"$(inherited)",
					"@executable_path/Frameworks",
				);
				MARKETING_VERSION = 1.0;
				PRODUCT_BUNDLE_IDENTIFIER = "com.pss-coder.Minatic";
				PRODUCT_NAME = "$(TARGET_NAME)";
				SWIFT_EMIT_LOC_STRINGS = YES;
				SWIFT_VERSION = 5.0;
				TARGETED_DEVICE_FAMILY = "1,2";
			};
			name = Debug;
		};
		47D4E7C0289BC53F00922FDF /* Release */ = {
			isa = XCBuildConfiguration;
			buildSettings = {
				ASSETCATALOG_COMPILER_APPICON_NAME = AppIcon;
				ASSETCATALOG_COMPILER_GLOBAL_ACCENT_COLOR_NAME = AccentColor;
				CODE_SIGN_STYLE = Automatic;
				CURRENT_PROJECT_VERSION = 1;
				DEVELOPMENT_ASSET_PATHS = "\"Minatic/Preview Content\"";
				DEVELOPMENT_TEAM = MZ483TW92Y;
				ENABLE_PREVIEWS = YES;
				GENERATE_INFOPLIST_FILE = YES;
				INFOPLIST_KEY_NSMicrophoneUsageDescription = "Audio is recorded to transcribe the meeting. Audio recordings are discarded after transcription.";
				INFOPLIST_KEY_NSSpeechRecognitionUsageDescription = "You can view a text transcription of your meeting in the app.";
				INFOPLIST_KEY_UIApplicationSceneManifest_Generation = YES;
				INFOPLIST_KEY_UIApplicationSupportsIndirectInputEvents = YES;
				INFOPLIST_KEY_UILaunchScreen_Generation = YES;
				INFOPLIST_KEY_UISupportedInterfaceOrientations_iPad = "UIInterfaceOrientationPortrait UIInterfaceOrientationPortraitUpsideDown UIInterfaceOrientationLandscapeLeft UIInterfaceOrientationLandscapeRight";
				INFOPLIST_KEY_UISupportedInterfaceOrientations_iPhone = "UIInterfaceOrientationPortrait UIInterfaceOrientationLandscapeLeft UIInterfaceOrientationLandscapeRight";
				IPHONEOS_DEPLOYMENT_TARGET = 15.2;
				LD_RUNPATH_SEARCH_PATHS = (
					"$(inherited)",
					"@executable_path/Frameworks",
				);
				MARKETING_VERSION = 1.0;
				PRODUCT_BUNDLE_IDENTIFIER = "com.pss-coder.Minatic";
				PRODUCT_NAME = "$(TARGET_NAME)";
				SWIFT_EMIT_LOC_STRINGS = YES;
				SWIFT_VERSION = 5.0;
				TARGETED_DEVICE_FAMILY = "1,2";
			};
			name = Release;
		};
/* End XCBuildConfiguration section */

/* Begin XCConfigurationList section */
		47D4E7AB289BC53D00922FDF /* Build configuration list for PBXProject "Minatic" */ = {
			isa = XCConfigurationList;
			buildConfigurations = (
				47D4E7BC289BC53F00922FDF /* Debug */,
				47D4E7BD289BC53F00922FDF /* Release */,
			);
			defaultConfigurationIsVisible = 0;
			defaultConfigurationName = Release;
		};
		47D4E7BE289BC53F00922FDF /* Build configuration list for PBXNativeTarget "Minatic" */ = {
			isa = XCConfigurationList;
			buildConfigurations = (
				47D4E7BF289BC53F00922FDF /* Debug */,
				47D4E7C0289BC53F00922FDF /* Release */,
			);
			defaultConfigurationIsVisible = 0;
			defaultConfigurationName = Release;
		};
/* End XCConfigurationList section */
	};
	rootObject = 47D4E7A8289BC53D00922FDF /* Project object */;
}
